// !$*UTF8*$!
{
	archiveVersion = 1;
	classes = {
	};
	objectVersion = 56;
	objects = {

/* Begin PBXBuildFile section */
		AE9CF5842BB36F37006DB1FD /* products.json in Resources */ = {isa = PBXBuildFile; fileRef = AE9CF5832BB36F37006DB1FD /* products.json */; };
		AE9CF5862BB375D3006DB1FD /* ProductLoader.swift in Sources */ = {isa = PBXBuildFile; fileRef = AE9CF5852BB375D3006DB1FD /* ProductLoader.swift */; };
		AE9CF5882BB37D33006DB1FD /* ProductCategoryViewModel.swift in Sources */ = {isa = PBXBuildFile; fileRef = AE9CF5872BB37D33006DB1FD /* ProductCategoryViewModel.swift */; };
		AEA017B02BAB1E2A00AC1C70 /* AppDelegate.swift in Sources */ = {isa = PBXBuildFile; fileRef = AEA017AF2BAB1E2A00AC1C70 /* AppDelegate.swift */; };
		AEA017B22BAB1E2A00AC1C70 /* SceneDelegate.swift in Sources */ = {isa = PBXBuildFile; fileRef = AEA017B12BAB1E2A00AC1C70 /* SceneDelegate.swift */; };
		AEA017B42BAB1E2A00AC1C70 /* ViewController.swift in Sources */ = {isa = PBXBuildFile; fileRef = AEA017B32BAB1E2A00AC1C70 /* ViewController.swift */; };
		AEA017B72BAB1E2A00AC1C70 /* Base in Resources */ = {isa = PBXBuildFile; fileRef = AEA017B62BAB1E2A00AC1C70 /* Base */; };
		AEA017B92BAB1E3600AC1C70 /* Assets.xcassets in Resources */ = {isa = PBXBuildFile; fileRef = AEA017B82BAB1E3600AC1C70 /* Assets.xcassets */; };
		AEA017BC2BAB1E3600AC1C70 /* Base in Resources */ = {isa = PBXBuildFile; fileRef = AEA017BB2BAB1E3600AC1C70 /* Base */; };
		AEFE87472BAC4C4500BED1B7 /* ProductTableViewCell.xib in Resources */ = {isa = PBXBuildFile; fileRef = AEFE87462BAC4C4500BED1B7 /* ProductTableViewCell.xib */; };
		AEFE87492BAC4C6000BED1B7 /* ProductTableViewCell.swift in Sources */ = {isa = PBXBuildFile; fileRef = AEFE87482BAC4C6000BED1B7 /* ProductTableViewCell.swift */; };
		AEFE874B2BAC520400BED1B7 /* ProductViewModel.swift in Sources */ = {isa = PBXBuildFile; fileRef = AEFE874A2BAC520400BED1B7 /* ProductViewModel.swift */; };
/* End PBXBuildFile section */

/* Begin PBXFileReference section */
		AE9CF5832BB36F37006DB1FD /* products.json */ = {isa = PBXFileReference; fileEncoding = 4; lastKnownFileType = text.json; path = products.json; sourceTree = "<group>"; };
		AE9CF5852BB375D3006DB1FD /* ProductLoader.swift */ = {isa = PBXFileReference; lastKnownFileType = sourcecode.swift; path = ProductLoader.swift; sourceTree = "<group>"; };
		AE9CF5872BB37D33006DB1FD /* ProductCategoryViewModel.swift */ = {isa = PBXFileReference; lastKnownFileType = sourcecode.swift; path = ProductCategoryViewModel.swift; sourceTree = "<group>"; };
		AEA017AC2BAB1E2A00AC1C70 /* AsteriskBank.app */ = {isa = PBXFileReference; explicitFileType = wrapper.application; includeInIndex = 0; path = AsteriskBank.app; sourceTree = BUILT_PRODUCTS_DIR; };
		AEA017AF2BAB1E2A00AC1C70 /* AppDelegate.swift */ = {isa = PBXFileReference; lastKnownFileType = sourcecode.swift; path = AppDelegate.swift; sourceTree = "<group>"; };
		AEA017B12BAB1E2A00AC1C70 /* SceneDelegate.swift */ = {isa = PBXFileReference; lastKnownFileType = sourcecode.swift; path = SceneDelegate.swift; sourceTree = "<group>"; };
		AEA017B32BAB1E2A00AC1C70 /* ViewController.swift */ = {isa = PBXFileReference; lastKnownFileType = sourcecode.swift; path = ViewController.swift; sourceTree = "<group>"; };
		AEA017B62BAB1E2A00AC1C70 /* Base */ = {isa = PBXFileReference; lastKnownFileType = file.storyboard; name = Base; path = Base.lproj/Main.storyboard; sourceTree = "<group>"; };
		AEA017B82BAB1E3600AC1C70 /* Assets.xcassets */ = {isa = PBXFileReference; lastKnownFileType = folder.assetcatalog; path = Assets.xcassets; sourceTree = "<group>"; };
		AEA017BB2BAB1E3600AC1C70 /* Base */ = {isa = PBXFileReference; lastKnownFileType = file.storyboard; name = Base; path = Base.lproj/LaunchScreen.storyboard; sourceTree = "<group>"; };
		AEA017BD2BAB1E3600AC1C70 /* Info.plist */ = {isa = PBXFileReference; lastKnownFileType = text.plist.xml; path = Info.plist; sourceTree = "<group>"; };
		AEFE87462BAC4C4500BED1B7 /* ProductTableViewCell.xib */ = {isa = PBXFileReference; lastKnownFileType = file.xib; path = ProductTableViewCell.xib; sourceTree = "<group>"; };
		AEFE87482BAC4C6000BED1B7 /* ProductTableViewCell.swift */ = {isa = PBXFileReference; lastKnownFileType = sourcecode.swift; path = ProductTableViewCell.swift; sourceTree = "<group>"; };
		AEFE874A2BAC520400BED1B7 /* ProductViewModel.swift */ = {isa = PBXFileReference; lastKnownFileType = sourcecode.swift; path = ProductViewModel.swift; sourceTree = "<group>"; };
/* End PBXFileReference section */

/* Begin PBXFrameworksBuildPhase section */
		AEA017A92BAB1E2A00AC1C70 /* Frameworks */ = {
			isa = PBXFrameworksBuildPhase;
			buildActionMask = 2147483647;
			files = (
			);
			runOnlyForDeploymentPostprocessing = 0;
		};
/* End PBXFrameworksBuildPhase section */

/* Begin PBXGroup section */
		AE9CF5892BB37D5A006DB1FD /* Model */ = {
			isa = PBXGroup;
			children = (
				AEFE874A2BAC520400BED1B7 /* ProductViewModel.swift */,
				AE9CF5872BB37D33006DB1FD /* ProductCategoryViewModel.swift */,
			);
			path = Model;
			sourceTree = "<group>";
		};
		AEA017A32BAB1E2A00AC1C70 = {
			isa = PBXGroup;
			children = (
				AEA017AE2BAB1E2A00AC1C70 /* AsteriskBank */,
				AEA017AD2BAB1E2A00AC1C70 /* Products */,
			);
			sourceTree = "<group>";
		};
		AEA017AD2BAB1E2A00AC1C70 /* Products */ = {
			isa = PBXGroup;
			children = (
				AEA017AC2BAB1E2A00AC1C70 /* AsteriskBank.app */,
			);
			name = Products;
			sourceTree = "<group>";
		};
		AEA017AE2BAB1E2A00AC1C70 /* AsteriskBank */ = {
			isa = PBXGroup;
			children = (
				AE9CF5892BB37D5A006DB1FD /* Model */,
				AE9CF5832BB36F37006DB1FD /* products.json */,
				AEFE87452BAC4C2600BED1B7 /* ProductCell */,
				AEA017AF2BAB1E2A00AC1C70 /* AppDelegate.swift */,
				AEA017B12BAB1E2A00AC1C70 /* SceneDelegate.swift */,
				AEA017B32BAB1E2A00AC1C70 /* ViewController.swift */,
				AEA017B52BAB1E2A00AC1C70 /* Main.storyboard */,
				AEA017B82BAB1E3600AC1C70 /* Assets.xcassets */,
				AEA017BA2BAB1E3600AC1C70 /* LaunchScreen.storyboard */,
				AEA017BD2BAB1E3600AC1C70 /* Info.plist */,
				AE9CF5852BB375D3006DB1FD /* ProductLoader.swift */,
			);
			path = AsteriskBank;
			sourceTree = "<group>";
		};
		AEFE87452BAC4C2600BED1B7 /* ProductCell */ = {
			isa = PBXGroup;
			children = (
				AEFE87462BAC4C4500BED1B7 /* ProductTableViewCell.xib */,
				AEFE87482BAC4C6000BED1B7 /* ProductTableViewCell.swift */,
			);
			path = ProductCell;
			sourceTree = "<group>";
		};
/* End PBXGroup section */

/* Begin PBXNativeTarget section */
		AEA017AB2BAB1E2A00AC1C70 /* AsteriskBank */ = {
			isa = PBXNativeTarget;
			buildConfigurationList = AEA017C02BAB1E3600AC1C70 /* Build configuration list for PBXNativeTarget "AsteriskBank" */;
			buildPhases = (
				AEA017A82BAB1E2A00AC1C70 /* Sources */,
				AEA017A92BAB1E2A00AC1C70 /* Frameworks */,
				AEA017AA2BAB1E2A00AC1C70 /* Resources */,
			);
			buildRules = (
			);
			dependencies = (
			);
			name = AsteriskBank;
			productName = AsteriskBank;
			productReference = AEA017AC2BAB1E2A00AC1C70 /* AsteriskBank.app */;
			productType = "com.apple.product-type.application";
		};
/* End PBXNativeTarget section */

/* Begin PBXProject section */
		AEA017A42BAB1E2A00AC1C70 /* Project object */ = {
			isa = PBXProject;
			attributes = {
				BuildIndependentTargetsInParallel = 1;
				LastSwiftUpdateCheck = 1530;
				LastUpgradeCheck = 1530;
				TargetAttributes = {
					AEA017AB2BAB1E2A00AC1C70 = {
						CreatedOnToolsVersion = 15.3;
					};
				};
			};
			buildConfigurationList = AEA017A72BAB1E2A00AC1C70 /* Build configuration list for PBXProject "AsteriskBank" */;
			compatibilityVersion = "Xcode 14.0";
			developmentRegion = en;
			hasScannedForEncodings = 0;
			knownRegions = (
				en,
				Base,
			);
			mainGroup = AEA017A32BAB1E2A00AC1C70;
			productRefGroup = AEA017AD2BAB1E2A00AC1C70 /* Products */;
			projectDirPath = "";
			projectRoot = "";
			targets = (
				AEA017AB2BAB1E2A00AC1C70 /* AsteriskBank */,
			);
		};
/* End PBXProject section */

/* Begin PBXResourcesBuildPhase section */
		AEA017AA2BAB1E2A00AC1C70 /* Resources */ = {
			isa = PBXResourcesBuildPhase;
			buildActionMask = 2147483647;
			files = (
				AE9CF5842BB36F37006DB1FD /* products.json in Resources */,
				AEA017B92BAB1E3600AC1C70 /* Assets.xcassets in Resources */,
				AEFE87472BAC4C4500BED1B7 /* ProductTableViewCell.xib in Resources */,
				AEA017BC2BAB1E3600AC1C70 /* Base in Resources */,
				AEA017B72BAB1E2A00AC1C70 /* Base in Resources */,
			);
			runOnlyForDeploymentPostprocessing = 0;
		};
/* End PBXResourcesBuildPhase section */

/* Begin PBXSourcesBuildPhase section */
		AEA017A82BAB1E2A00AC1C70 /* Sources */ = {
			isa = PBXSourcesBuildPhase;
			buildActionMask = 2147483647;
			files = (
				AEA017B42BAB1E2A00AC1C70 /* ViewController.swift in Sources */,
				AE9CF5882BB37D33006DB1FD /* ProductCategoryViewModel.swift in Sources */,
				AEFE87492BAC4C6000BED1B7 /* ProductTableViewCell.swift in Sources */,
				AE9CF5862BB375D3006DB1FD /* ProductLoader.swift in Sources */,
				AEA017B02BAB1E2A00AC1C70 /* AppDelegate.swift in Sources */,
				AEA017B22BAB1E2A00AC1C70 /* SceneDelegate.swift in Sources */,
				AEFE874B2BAC520400BED1B7 /* ProductViewModel.swift in Sources */,
			);
			runOnlyForDeploymentPostprocessing = 0;
		};
/* End PBXSourcesBuildPhase section */

/* Begin PBXVariantGroup section */
		AEA017B52BAB1E2A00AC1C70 /* Main.storyboard */ = {
			isa = PBXVariantGroup;
			children = (
				AEA017B62BAB1E2A00AC1C70 /* Base */,
			);
			name = Main.storyboard;
			sourceTree = "<group>";
		};
		AEA017BA2BAB1E3600AC1C70 /* LaunchScreen.storyboard */ = {
			isa = PBXVariantGroup;
			children = (
				AEA017BB2BAB1E3600AC1C70 /* Base */,
			);
			name = LaunchScreen.storyboard;
			sourceTree = "<group>";
		};
/* End PBXVariantGroup section */

/* Begin XCBuildConfiguration section */
		AEA017BE2BAB1E3600AC1C70 /* Debug */ = {
			isa = XCBuildConfiguration;
			buildSettings = {
				ALWAYS_SEARCH_USER_PATHS = NO;
				ASSETCATALOG_COMPILER_GENERATE_SWIFT_ASSET_SYMBOL_EXTENSIONS = YES;
				CLANG_ANALYZER_NONNULL = YES;
				CLANG_ANALYZER_NUMBER_OBJECT_CONVERSION = YES_AGGRESSIVE;
				CLANG_CXX_LANGUAGE_STANDARD = "gnu++20";
				CLANG_ENABLE_MODULES = YES;
				CLANG_ENABLE_OBJC_ARC = YES;
				CLANG_ENABLE_OBJC_WEAK = YES;
				CLANG_WARN_BLOCK_CAPTURE_AUTORELEASING = YES;
				CLANG_WARN_BOOL_CONVERSION = YES;
				CLANG_WARN_COMMA = YES;
				CLANG_WARN_CONSTANT_CONVERSION = YES;
				CLANG_WARN_DEPRECATED_OBJC_IMPLEMENTATIONS = YES;
				CLANG_WARN_DIRECT_OBJC_ISA_USAGE = YES_ERROR;
				CLANG_WARN_DOCUMENTATION_COMMENTS = YES;
				CLANG_WARN_EMPTY_BODY = YES;
				CLANG_WARN_ENUM_CONVERSION = YES;
				CLANG_WARN_INFINITE_RECURSION = YES;
				CLANG_WARN_INT_CONVERSION = YES;
				CLANG_WARN_NON_LITERAL_NULL_CONVERSION = YES;
				CLANG_WARN_OBJC_IMPLICIT_RETAIN_SELF = YES;
				CLANG_WARN_OBJC_LITERAL_CONVERSION = YES;
				CLANG_WARN_OBJC_ROOT_CLASS = YES_ERROR;
				CLANG_WARN_QUOTED_INCLUDE_IN_FRAMEWORK_HEADER = YES;
				CLANG_WARN_RANGE_LOOP_ANALYSIS = YES;
				CLANG_WARN_STRICT_PROTOTYPES = YES;
				CLANG_WARN_SUSPICIOUS_MOVE = YES;
				CLANG_WARN_UNGUARDED_AVAILABILITY = YES_AGGRESSIVE;
				CLANG_WARN_UNREACHABLE_CODE = YES;
				CLANG_WARN__DUPLICATE_METHOD_MATCH = YES;
				COPY_PHASE_STRIP = NO;
				DEBUG_INFORMATION_FORMAT = dwarf;
				ENABLE_STRICT_OBJC_MSGSEND = YES;
				ENABLE_TESTABILITY = YES;
				ENABLE_USER_SCRIPT_SANDBOXING = YES;
				GCC_C_LANGUAGE_STANDARD = gnu17;
				GCC_DYNAMIC_NO_PIC = NO;
				GCC_NO_COMMON_BLOCKS = YES;
				GCC_OPTIMIZATION_LEVEL = 0;
				GCC_PREPROCESSOR_DEFINITIONS = (
					"DEBUG=1",
					"$(inherited)",
				);
				GCC_WARN_64_TO_32_BIT_CONVERSION = YES;
				GCC_WARN_ABOUT_RETURN_TYPE = YES_ERROR;
				GCC_WARN_UNDECLARED_SELECTOR = YES;
				GCC_WARN_UNINITIALIZED_AUTOS = YES_AGGRESSIVE;
				GCC_WARN_UNUSED_FUNCTION = YES;
				GCC_WARN_UNUSED_VARIABLE = YES;
				IPHONEOS_DEPLOYMENT_TARGET = 17.4;
				LOCALIZATION_PREFERS_STRING_CATALOGS = YES;
				MTL_ENABLE_DEBUG_INFO = INCLUDE_SOURCE;
				MTL_FAST_MATH = YES;
				ONLY_ACTIVE_ARCH = YES;
				SDKROOT = iphoneos;
				SWIFT_ACTIVE_COMPILATION_CONDITIONS = "DEBUG $(inherited)";
				SWIFT_OPTIMIZATION_LEVEL = "-Onone";
			};
			name = Debug;
		};
		AEA017BF2BAB1E3600AC1C70 /* Release */ = {
			isa = XCBuildConfiguration;
			buildSettings = {
				ALWAYS_SEARCH_USER_PATHS = NO;
				ASSETCATALOG_COMPILER_GENERATE_SWIFT_ASSET_SYMBOL_EXTENSIONS = YES;
				CLANG_ANALYZER_NONNULL = YES;
				CLANG_ANALYZER_NUMBER_OBJECT_CONVERSION = YES_AGGRESSIVE;
				CLANG_CXX_LANGUAGE_STANDARD = "gnu++20";
				CLANG_ENABLE_MODULES = YES;
				CLANG_ENABLE_OBJC_ARC = YES;
				CLANG_ENABLE_OBJC_WEAK = YES;
				CLANG_WARN_BLOCK_CAPTURE_AUTORELEASING = YES;
				CLANG_WARN_BOOL_CONVERSION = YES;
				CLANG_WARN_COMMA = YES;
				CLANG_WARN_CONSTANT_CONVERSION = YES;
				CLANG_WARN_DEPRECATED_OBJC_IMPLEMENTATIONS = YES;
				CLANG_WARN_DIRECT_OBJC_ISA_USAGE = YES_ERROR;
				CLANG_WARN_DOCUMENTATION_COMMENTS = YES;
				CLANG_WARN_EMPTY_BODY = YES;
				CLANG_WARN_ENUM_CONVERSION = YES;
				CLANG_WARN_INFINITE_RECURSION = YES;
				CLANG_WARN_INT_CONVERSION = YES;
				CLANG_WARN_NON_LITERAL_NULL_CONVERSION = YES;
				CLANG_WARN_OBJC_IMPLICIT_RETAIN_SELF = YES;
				CLANG_WARN_OBJC_LITERAL_CONVERSION = YES;
				CLANG_WARN_OBJC_ROOT_CLASS = YES_ERROR;
				CLANG_WARN_QUOTED_INCLUDE_IN_FRAMEWORK_HEADER = YES;
				CLANG_WARN_RANGE_LOOP_ANALYSIS = YES;
				CLANG_WARN_STRICT_PROTOTYPES = YES;
				CLANG_WARN_SUSPICIOUS_MOVE = YES;
				CLANG_WARN_UNGUARDED_AVAILABILITY = YES_AGGRESSIVE;
				CLANG_WARN_UNREACHABLE_CODE = YES;
				CLANG_WARN__DUPLICATE_METHOD_MATCH = YES;
				COPY_PHASE_STRIP = NO;
				DEBUG_INFORMATION_FORMAT = "dwarf-with-dsym";
				ENABLE_NS_ASSERTIONS = NO;
				ENABLE_STRICT_OBJC_MSGSEND = YES;
				ENABLE_USER_SCRIPT_SANDBOXING = YES;
				GCC_C_LANGUAGE_STANDARD = gnu17;
				GCC_NO_COMMON_BLOCKS = YES;
				GCC_WARN_64_TO_32_BIT_CONVERSION = YES;
				GCC_WARN_ABOUT_RETURN_TYPE = YES_ERROR;
				GCC_WARN_UNDECLARED_SELECTOR = YES;
				GCC_WARN_UNINITIALIZED_AUTOS = YES_AGGRESSIVE;
				GCC_WARN_UNUSED_FUNCTION = YES;
				GCC_WARN_UNUSED_VARIABLE = YES;
				IPHONEOS_DEPLOYMENT_TARGET = 17.4;
				LOCALIZATION_PREFERS_STRING_CATALOGS = YES;
				MTL_ENABLE_DEBUG_INFO = NO;
				MTL_FAST_MATH = YES;
				SDKROOT = iphoneos;
				SWIFT_COMPILATION_MODE = wholemodule;
				VALIDATE_PRODUCT = YES;
			};
			name = Release;
		};
		AEA017C12BAB1E3600AC1C70 /* Debug */ = {
			isa = XCBuildConfiguration;
			buildSettings = {
				ASSETCATALOG_COMPILER_APPICON_NAME = AppIcon;
				ASSETCATALOG_COMPILER_GLOBAL_ACCENT_COLOR_NAME = AccentColor;
				CODE_SIGN_STYLE = Automatic;
				CURRENT_PROJECT_VERSION = 1;
				DEVELOPMENT_TEAM = J7US55UYJ3;
				GENERATE_INFOPLIST_FILE = YES;
				INFOPLIST_FILE = AsteriskBank/Info.plist;
				INFOPLIST_KEY_UIApplicationSupportsIndirectInputEvents = YES;
				INFOPLIST_KEY_UILaunchStoryboardName = LaunchScreen;
				INFOPLIST_KEY_UIMainStoryboardFile = Main;
				INFOPLIST_KEY_UISupportedInterfaceOrientations_iPad = "UIInterfaceOrientationPortrait UIInterfaceOrientationPortraitUpsideDown UIInterfaceOrientationLandscapeLeft UIInterfaceOrientationLandscapeRight";
				INFOPLIST_KEY_UISupportedInterfaceOrientations_iPhone = "UIInterfaceOrientationPortrait UIInterfaceOrientationLandscapeLeft UIInterfaceOrientationLandscapeRight";
				LD_RUNPATH_SEARCH_PATHS = (
					"$(inherited)",
					"@executable_path/Frameworks",
				);
				MARKETING_VERSION = 1.0;
				PRODUCT_BUNDLE_IDENTIFIER = com.piotrantkiewicz.AsteriskBank;
				PRODUCT_NAME = "$(TARGET_NAME)";
				SWIFT_EMIT_LOC_STRINGS = YES;
				SWIFT_VERSION = 5.0;
				TARGETED_DEVICE_FAMILY = "1,2";
			};
			name = Debug;
		};
		AEA017C22BAB1E3600AC1C70 /* Release */ = {
			isa = XCBuildConfiguration;
			buildSettings = {
				ASSETCATALOG_COMPILER_APPICON_NAME = AppIcon;
				ASSETCATALOG_COMPILER_GLOBAL_ACCENT_COLOR_NAME = AccentColor;
				CODE_SIGN_STYLE = Automatic;
				CURRENT_PROJECT_VERSION = 1;
				DEVELOPMENT_TEAM = J7US55UYJ3;
				GENERATE_INFOPLIST_FILE = YES;
				INFOPLIST_FILE = AsteriskBank/Info.plist;
				INFOPLIST_KEY_UIApplicationSupportsIndirectInputEvents = YES;
				INFOPLIST_KEY_UILaunchStoryboardName = LaunchScreen;
				INFOPLIST_KEY_UIMainStoryboardFile = Main;
				INFOPLIST_KEY_UISupportedInterfaceOrientations_iPad = "UIInterfaceOrientationPortrait UIInterfaceOrientationPortraitUpsideDown UIInterfaceOrientationLandscapeLeft UIInterfaceOrientationLandscapeRight";
				INFOPLIST_KEY_UISupportedInterfaceOrientations_iPhone = "UIInterfaceOrientationPortrait UIInterfaceOrientationLandscapeLeft UIInterfaceOrientationLandscapeRight";
				LD_RUNPATH_SEARCH_PATHS = (
					"$(inherited)",
					"@executable_path/Frameworks",
				);
				MARKETING_VERSION = 1.0;
				PRODUCT_BUNDLE_IDENTIFIER = com.piotrantkiewicz.AsteriskBank;
				PRODUCT_NAME = "$(TARGET_NAME)";
				SWIFT_EMIT_LOC_STRINGS = YES;
				SWIFT_VERSION = 5.0;
				TARGETED_DEVICE_FAMILY = "1,2";
			};
			name = Release;
		};
/* End XCBuildConfiguration section */

/* Begin XCConfigurationList section */
		AEA017A72BAB1E2A00AC1C70 /* Build configuration list for PBXProject "AsteriskBank" */ = {
			isa = XCConfigurationList;
			buildConfigurations = (
				AEA017BE2BAB1E3600AC1C70 /* Debug */,
				AEA017BF2BAB1E3600AC1C70 /* Release */,
			);
			defaultConfigurationIsVisible = 0;
			defaultConfigurationName = Release;
		};
		AEA017C02BAB1E3600AC1C70 /* Build configuration list for PBXNativeTarget "AsteriskBank" */ = {
			isa = XCConfigurationList;
			buildConfigurations = (
				AEA017C12BAB1E3600AC1C70 /* Debug */,
				AEA017C22BAB1E3600AC1C70 /* Release */,
			);
			defaultConfigurationIsVisible = 0;
			defaultConfigurationName = Release;
		};
/* End XCConfigurationList section */
	};
	rootObject = AEA017A42BAB1E2A00AC1C70 /* Project object */;
}
